// !$*UTF8*$!
{
	archiveVersion = 1;
	classes = {
	};
	objectVersion = 50;
	objects = {

/* Begin PBXBuildFile section */
		5338173E22209D11008F683E /* AppDelegate.swift in Sources */ = {isa = PBXBuildFile; fileRef = 5338173D22209D11008F683E /* AppDelegate.swift */; };
		5338174522209D15008F683E /* Assets.xcassets in Resources */ = {isa = PBXBuildFile; fileRef = 5338174422209D15008F683E /* Assets.xcassets */; };
		5338174822209D15008F683E /* LaunchScreen.storyboard in Resources */ = {isa = PBXBuildFile; fileRef = 5338174622209D15008F683E /* LaunchScreen.storyboard */; };
		533817502220A035008F683E /* ItunesMediaViewController.swift in Sources */ = {isa = PBXBuildFile; fileRef = 5338174F2220A035008F683E /* ItunesMediaViewController.swift */; };
		533817522220A113008F683E /* ItunesMedia.swift in Sources */ = {isa = PBXBuildFile; fileRef = 533817512220A113008F683E /* ItunesMedia.swift */; };
		533817542220A14D008F683E /* ItunesFeed.swift in Sources */ = {isa = PBXBuildFile; fileRef = 533817532220A14D008F683E /* ItunesFeed.swift */; };
		533817562220A782008F683E /* ItunesMediaItemCell.swift in Sources */ = {isa = PBXBuildFile; fileRef = 533817552220A782008F683E /* ItunesMediaItemCell.swift */; };
		533817582220A863008F683E /* Extentions.swift in Sources */ = {isa = PBXBuildFile; fileRef = 533817572220A863008F683E /* Extentions.swift */; };
		5338175A2220B171008F683E /* ItunesFeedResponse.swift in Sources */ = {isa = PBXBuildFile; fileRef = 533817592220B171008F683E /* ItunesFeedResponse.swift */; };
/* End PBXBuildFile section */

/* Begin PBXFileReference section */
		5338173A22209D11008F683E /* ItunesMedia.app */ = {isa = PBXFileReference; explicitFileType = wrapper.application; includeInIndex = 0; path = ItunesMedia.app; sourceTree = BUILT_PRODUCTS_DIR; };
		5338173D22209D11008F683E /* AppDelegate.swift */ = {isa = PBXFileReference; lastKnownFileType = sourcecode.swift; path = AppDelegate.swift; sourceTree = "<group>"; };
		5338174422209D15008F683E /* Assets.xcassets */ = {isa = PBXFileReference; lastKnownFileType = folder.assetcatalog; path = Assets.xcassets; sourceTree = "<group>"; };
		5338174722209D15008F683E /* Base */ = {isa = PBXFileReference; lastKnownFileType = file.storyboard; name = Base; path = Base.lproj/LaunchScreen.storyboard; sourceTree = "<group>"; };
		5338174922209D15008F683E /* Info.plist */ = {isa = PBXFileReference; lastKnownFileType = text.plist.xml; path = Info.plist; sourceTree = "<group>"; };
		5338174F2220A035008F683E /* ItunesMediaViewController.swift */ = {isa = PBXFileReference; lastKnownFileType = sourcecode.swift; path = ItunesMediaViewController.swift; sourceTree = "<group>"; };
		533817512220A113008F683E /* ItunesMedia.swift */ = {isa = PBXFileReference; lastKnownFileType = sourcecode.swift; path = ItunesMedia.swift; sourceTree = "<group>"; };
		533817532220A14D008F683E /* ItunesFeed.swift */ = {isa = PBXFileReference; lastKnownFileType = sourcecode.swift; path = ItunesFeed.swift; sourceTree = "<group>"; };
		533817552220A782008F683E /* ItunesMediaItemCell.swift */ = {isa = PBXFileReference; lastKnownFileType = sourcecode.swift; path = ItunesMediaItemCell.swift; sourceTree = "<group>"; };
		533817572220A863008F683E /* Extentions.swift */ = {isa = PBXFileReference; lastKnownFileType = sourcecode.swift; path = Extentions.swift; sourceTree = "<group>"; };
		533817592220B171008F683E /* ItunesFeedResponse.swift */ = {isa = PBXFileReference; lastKnownFileType = sourcecode.swift; path = ItunesFeedResponse.swift; sourceTree = "<group>"; };
/* End PBXFileReference section */

/* Begin PBXFrameworksBuildPhase section */
		5338173722209D11008F683E /* Frameworks */ = {
			isa = PBXFrameworksBuildPhase;
			buildActionMask = 2147483647;
			files = (
			);
			runOnlyForDeploymentPostprocessing = 0;
		};
/* End PBXFrameworksBuildPhase section */

/* Begin PBXGroup section */
		5338173122209D11008F683E = {
			isa = PBXGroup;
			children = (
				5338173C22209D11008F683E /* ItunesMedia */,
				5338173B22209D11008F683E /* Products */,
			);
			sourceTree = "<group>";
		};
		5338173B22209D11008F683E /* Products */ = {
			isa = PBXGroup;
			children = (
				5338173A22209D11008F683E /* ItunesMedia.app */,
			);
			name = Products;
			sourceTree = "<group>";
		};
		5338173C22209D11008F683E /* ItunesMedia */ = {
			isa = PBXGroup;
			children = (
				5338173D22209D11008F683E /* AppDelegate.swift */,
				5338174F2220A035008F683E /* ItunesMediaViewController.swift */,
				533817512220A113008F683E /* ItunesMedia.swift */,
				533817532220A14D008F683E /* ItunesFeed.swift */,
				533817552220A782008F683E /* ItunesMediaItemCell.swift */,
				533817572220A863008F683E /* Extentions.swift */,
				533817592220B171008F683E /* ItunesFeedResponse.swift */,
				5338174422209D15008F683E /* Assets.xcassets */,
				5338174622209D15008F683E /* LaunchScreen.storyboard */,
				5338174922209D15008F683E /* Info.plist */,
			);
			path = ItunesMedia;
			sourceTree = "<group>";
		};
/* End PBXGroup section */

/* Begin PBXNativeTarget section */
		5338173922209D11008F683E /* ItunesMedia */ = {
			isa = PBXNativeTarget;
			buildConfigurationList = 5338174C22209D15008F683E /* Build configuration list for PBXNativeTarget "ItunesMedia" */;
			buildPhases = (
				5338173622209D11008F683E /* Sources */,
				5338173722209D11008F683E /* Frameworks */,
				5338173822209D11008F683E /* Resources */,
			);
			buildRules = (
			);
			dependencies = (
			);
			name = ItunesMedia;
			productName = ItunesMedia;
			productReference = 5338173A22209D11008F683E /* ItunesMedia.app */;
			productType = "com.apple.product-type.application";
		};
/* End PBXNativeTarget section */

/* Begin PBXProject section */
		5338173222209D11008F683E /* Project object */ = {
			isa = PBXProject;
			attributes = {
				LastSwiftUpdateCheck = 1010;
				LastUpgradeCheck = 1010;
				ORGANIZATIONNAME = "Davone Barrett";
				TargetAttributes = {
					5338173922209D11008F683E = {
						CreatedOnToolsVersion = 10.1;
					};
				};
			};
			buildConfigurationList = 5338173522209D11008F683E /* Build configuration list for PBXProject "ItunesMedia" */;
			compatibilityVersion = "Xcode 9.3";
			developmentRegion = en;
			hasScannedForEncodings = 0;
			knownRegions = (
				en,
				Base,
			);
			mainGroup = 5338173122209D11008F683E;
			productRefGroup = 5338173B22209D11008F683E /* Products */;
			projectDirPath = "";
			projectRoot = "";
			targets = (
				5338173922209D11008F683E /* ItunesMedia */,
			);
		};
/* End PBXProject section */

/* Begin PBXResourcesBuildPhase section */
		5338173822209D11008F683E /* Resources */ = {
			isa = PBXResourcesBuildPhase;
			buildActionMask = 2147483647;
			files = (
				5338174822209D15008F683E /* LaunchScreen.storyboard in Resources */,
				5338174522209D15008F683E /* Assets.xcassets in Resources */,
			);
			runOnlyForDeploymentPostprocessing = 0;
		};
/* End PBXResourcesBuildPhase section */

/* Begin PBXSourcesBuildPhase section */
		5338173622209D11008F683E /* Sources */ = {
			isa = PBXSourcesBuildPhase;
			buildActionMask = 2147483647;
			files = (
				533817522220A113008F683E /* ItunesMedia.swift in Sources */,
				5338173E22209D11008F683E /* AppDelegate.swift in Sources */,
				533817582220A863008F683E /* Extentions.swift in Sources */,
				533817502220A035008F683E /* ItunesMediaViewController.swift in Sources */,
				5338175A2220B171008F683E /* ItunesFeedResponse.swift in Sources */,
				533817542220A14D008F683E /* ItunesFeed.swift in Sources */,
				533817562220A782008F683E /* ItunesMediaItemCell.swift in Sources */,
			);
			runOnlyForDeploymentPostprocessing = 0;
		};
/* End PBXSourcesBuildPhase section */

/* Begin PBXVariantGroup section */
		5338174622209D15008F683E /* LaunchScreen.storyboard */ = {
			isa = PBXVariantGroup;
			children = (
				5338174722209D15008F683E /* Base */,
			);
			name = LaunchScreen.storyboard;
			sourceTree = "<group>";
		};
/* End PBXVariantGroup section */

/* Begin XCBuildConfiguration section */
		5338174A22209D15008F683E /* Debug */ = {
			isa = XCBuildConfiguration;
			buildSettings = {
				ALWAYS_SEARCH_USER_PATHS = NO;
				CLANG_ANALYZER_NONNULL = YES;
				CLANG_ANALYZER_NUMBER_OBJECT_CONVERSION = YES_AGGRESSIVE;
				CLANG_CXX_LANGUAGE_STANDARD = "gnu++14";
				CLANG_CXX_LIBRARY = "libc++";
				CLANG_ENABLE_MODULES = YES;
				CLANG_ENABLE_OBJC_ARC = YES;
				CLANG_ENABLE_OBJC_WEAK = YES;
				CLANG_WARN_BLOCK_CAPTURE_AUTORELEASING = YES;
				CLANG_WARN_BOOL_CONVERSION = YES;
				CLANG_WARN_COMMA = YES;
				CLANG_WARN_CONSTANT_CONVERSION = YES;
				CLANG_WARN_DEPRECATED_OBJC_IMPLEMENTATIONS = YES;
				CLANG_WARN_DIRECT_OBJC_ISA_USAGE = YES_ERROR;
				CLANG_WARN_DOCUMENTATION_COMMENTS = YES;
				CLANG_WARN_EMPTY_BODY = YES;
				CLANG_WARN_ENUM_CONVERSION = YES;
				CLANG_WARN_INFINITE_RECURSION = YES;
				CLANG_WARN_INT_CONVERSION = YES;
				CLANG_WARN_NON_LITERAL_NULL_CONVERSION = YES;
				CLANG_WARN_OBJC_IMPLICIT_RETAIN_SELF = YES;
				CLANG_WARN_OBJC_LITERAL_CONVERSION = YES;
				CLANG_WARN_OBJC_ROOT_CLASS = YES_ERROR;
				CLANG_WARN_RANGE_LOOP_ANALYSIS = YES;
				CLANG_WARN_STRICT_PROTOTYPES = YES;
				CLANG_WARN_SUSPICIOUS_MOVE = YES;
				CLANG_WARN_UNGUARDED_AVAILABILITY = YES_AGGRESSIVE;
				CLANG_WARN_UNREACHABLE_CODE = YES;
				CLANG_WARN__DUPLICATE_METHOD_MATCH = YES;
				CODE_SIGN_IDENTITY = "iPhone Developer";
				COPY_PHASE_STRIP = NO;
				DEBUG_INFORMATION_FORMAT = dwarf;
				ENABLE_STRICT_OBJC_MSGSEND = YES;
				ENABLE_TESTABILITY = YES;
				GCC_C_LANGUAGE_STANDARD = gnu11;
				GCC_DYNAMIC_NO_PIC = NO;
				GCC_NO_COMMON_BLOCKS = YES;
				GCC_OPTIMIZATION_LEVEL = 0;
				GCC_PREPROCESSOR_DEFINITIONS = (
					"DEBUG=1",
					"$(inherited)",
				);
				GCC_WARN_64_TO_32_BIT_CONVERSION = YES;
				GCC_WARN_ABOUT_RETURN_TYPE = YES_ERROR;
				GCC_WARN_UNDECLARED_SELECTOR = YES;
				GCC_WARN_UNINITIALIZED_AUTOS = YES_AGGRESSIVE;
				GCC_WARN_UNUSED_FUNCTION = YES;
				GCC_WARN_UNUSED_VARIABLE = YES;
				IPHONEOS_DEPLOYMENT_TARGET = 12.1;
				MTL_ENABLE_DEBUG_INFO = INCLUDE_SOURCE;
				MTL_FAST_MATH = YES;
				ONLY_ACTIVE_ARCH = YES;
				SDKROOT = iphoneos;
				SWIFT_ACTIVE_COMPILATION_CONDITIONS = DEBUG;
				SWIFT_OPTIMIZATION_LEVEL = "-Onone";
			};
			name = Debug;
		};
		5338174B22209D15008F683E /* Release */ = {
			isa = XCBuildConfiguration;
			buildSettings = {
				ALWAYS_SEARCH_USER_PATHS = NO;
				CLANG_ANALYZER_NONNULL = YES;
				CLANG_ANALYZER_NUMBER_OBJECT_CONVERSION = YES_AGGRESSIVE;
				CLANG_CXX_LANGUAGE_STANDARD = "gnu++14";
				CLANG_CXX_LIBRARY = "libc++";
				CLANG_ENABLE_MODULES = YES;
				CLANG_ENABLE_OBJC_ARC = YES;
				CLANG_ENABLE_OBJC_WEAK = YES;
				CLANG_WARN_BLOCK_CAPTURE_AUTORELEASING = YES;
				CLANG_WARN_BOOL_CONVERSION = YES;
				CLANG_WARN_COMMA = YES;
				CLANG_WARN_CONSTANT_CONVERSION = YES;
				CLANG_WARN_DEPRECATED_OBJC_IMPLEMENTATIONS = YES;
				CLANG_WARN_DIRECT_OBJC_ISA_USAGE = YES_ERROR;
				CLANG_WARN_DOCUMENTATION_COMMENTS = YES;
				CLANG_WARN_EMPTY_BODY = YES;
				CLANG_WARN_ENUM_CONVERSION = YES;
				CLANG_WARN_INFINITE_RECURSION = YES;
				CLANG_WARN_INT_CONVERSION = YES;
				CLANG_WARN_NON_LITERAL_NULL_CONVERSION = YES;
				CLANG_WARN_OBJC_IMPLICIT_RETAIN_SELF = YES;
				CLANG_WARN_OBJC_LITERAL_CONVERSION = YES;
				CLANG_WARN_OBJC_ROOT_CLASS = YES_ERROR;
				CLANG_WARN_RANGE_LOOP_ANALYSIS = YES;
				CLANG_WARN_STRICT_PROTOTYPES = YES;
				CLANG_WARN_SUSPICIOUS_MOVE = YES;
				CLANG_WARN_UNGUARDED_AVAILABILITY = YES_AGGRESSIVE;
				CLANG_WARN_UNREACHABLE_CODE = YES;
				CLANG_WARN__DUPLICATE_METHOD_MATCH = YES;
				CODE_SIGN_IDENTITY = "iPhone Developer";
				COPY_PHASE_STRIP = NO;
				DEBUG_INFORMATION_FORMAT = "dwarf-with-dsym";
				ENABLE_NS_ASSERTIONS = NO;
				ENABLE_STRICT_OBJC_MSGSEND = YES;
				GCC_C_LANGUAGE_STANDARD = gnu11;
				GCC_NO_COMMON_BLOCKS = YES;
				GCC_WARN_64_TO_32_BIT_CONVERSION = YES;
				GCC_WARN_ABOUT_RETURN_TYPE = YES_ERROR;
				GCC_WARN_UNDECLARED_SELECTOR = YES;
				GCC_WARN_UNINITIALIZED_AUTOS = YES_AGGRESSIVE;
				GCC_WARN_UNUSED_FUNCTION = YES;
				GCC_WARN_UNUSED_VARIABLE = YES;
				IPHONEOS_DEPLOYMENT_TARGET = 12.1;
				MTL_ENABLE_DEBUG_INFO = NO;
				MTL_FAST_MATH = YES;
				SDKROOT = iphoneos;
				SWIFT_COMPILATION_MODE = wholemodule;
				SWIFT_OPTIMIZATION_LEVEL = "-O";
				VALIDATE_PRODUCT = YES;
			};
			name = Release;
		};
		5338174D22209D15008F683E /* Debug */ = {
			isa = XCBuildConfiguration;
			buildSettings = {
				ASSETCATALOG_COMPILER_APPICON_NAME = AppIcon;
				CODE_SIGN_STYLE = Automatic;
				INFOPLIST_FILE = ItunesMedia/Info.plist;
				LD_RUNPATH_SEARCH_PATHS = (
					"$(inherited)",
					"@executable_path/Frameworks",
				);
				PRODUCT_BUNDLE_IDENTIFIER = com.smarterapps.ItunesMedia;
				PRODUCT_NAME = "$(TARGET_NAME)";
				SWIFT_VERSION = 4.2;
				TARGETED_DEVICE_FAMILY = "1,2";
			};
			name = Debug;
		};
		5338174E22209D15008F683E /* Release */ = {
			isa = XCBuildConfiguration;
			buildSettings = {
				ASSETCATALOG_COMPILER_APPICON_NAME = AppIcon;
				CODE_SIGN_STYLE = Automatic;
				INFOPLIST_FILE = ItunesMedia/Info.plist;
				LD_RUNPATH_SEARCH_PATHS = (
					"$(inherited)",
					"@executable_path/Frameworks",
				);
				PRODUCT_BUNDLE_IDENTIFIER = com.smarterapps.ItunesMedia;
				PRODUCT_NAME = "$(TARGET_NAME)";
				SWIFT_VERSION = 4.2;
				TARGETED_DEVICE_FAMILY = "1,2";
			};
			name = Release;
		};
/* End XCBuildConfiguration section */

/* Begin XCConfigurationList section */
		5338173522209D11008F683E /* Build configuration list for PBXProject "ItunesMedia" */ = {
			isa = XCConfigurationList;
			buildConfigurations = (
				5338174A22209D15008F683E /* Debug */,
				5338174B22209D15008F683E /* Release */,
			);
			defaultConfigurationIsVisible = 0;
			defaultConfigurationName = Release;
		};
		5338174C22209D15008F683E /* Build configuration list for PBXNativeTarget "ItunesMedia" */ = {
			isa = XCConfigurationList;
			buildConfigurations = (
				5338174D22209D15008F683E /* Debug */,
				5338174E22209D15008F683E /* Release */,
			);
			defaultConfigurationIsVisible = 0;
			defaultConfigurationName = Release;
		};
/* End XCConfigurationList section */
	};
	rootObject = 5338173222209D11008F683E /* Project object */;
}
